// !$*UTF8*$!
{
	archiveVersion = 1;
	classes = {
	};
	objectVersion = 46;
	objects = {

/* Begin PBXBuildFile section */
		C6C98D3919C7E28100479EF1 /* Foundation.framework in Frameworks */ = {isa = PBXBuildFile; fileRef = C6C98D3819C7E28100479EF1 /* Foundation.framework */; };
		C6C98D3B19C7E28100479EF1 /* CoreGraphics.framework in Frameworks */ = {isa = PBXBuildFile; fileRef = C6C98D3A19C7E28100479EF1 /* CoreGraphics.framework */; };
		C6C98D3D19C7E28100479EF1 /* UIKit.framework in Frameworks */ = {isa = PBXBuildFile; fileRef = C6C98D3C19C7E28100479EF1 /* UIKit.framework */; };
		C6C98D4319C7E28100479EF1 /* InfoPlist.strings in Resources */ = {isa = PBXBuildFile; fileRef = C6C98D4119C7E28100479EF1 /* InfoPlist.strings */; };
		C6C98D4519C7E28100479EF1 /* main.m in Sources */ = {isa = PBXBuildFile; fileRef = C6C98D4419C7E28100479EF1 /* main.m */; };
		C6C98D4919C7E28100479EF1 /* AppDelegate.m in Sources */ = {isa = PBXBuildFile; fileRef = C6C98D4819C7E28100479EF1 /* AppDelegate.m */; };
		C6C98D4C19C7E28100479EF1 /* Main_iPhone.storyboard in Resources */ = {isa = PBXBuildFile; fileRef = C6C98D4A19C7E28100479EF1 /* Main_iPhone.storyboard */; };
		C6C98D4F19C7E28100479EF1 /* Main_iPad.storyboard in Resources */ = {isa = PBXBuildFile; fileRef = C6C98D4D19C7E28100479EF1 /* Main_iPad.storyboard */; };
		C6C98D5219C7E28100479EF1 /* ViewController.m in Sources */ = {isa = PBXBuildFile; fileRef = C6C98D5119C7E28100479EF1 /* ViewController.m */; };
		C6C98D5419C7E28100479EF1 /* Images.xcassets in Resources */ = {isa = PBXBuildFile; fileRef = C6C98D5319C7E28100479EF1 /* Images.xcassets */; };
		C6C98D5B19C7E28100479EF1 /* XCTest.framework in Frameworks */ = {isa = PBXBuildFile; fileRef = C6C98D5A19C7E28100479EF1 /* XCTest.framework */; };
		C6C98D5C19C7E28100479EF1 /* Foundation.framework in Frameworks */ = {isa = PBXBuildFile; fileRef = C6C98D3819C7E28100479EF1 /* Foundation.framework */; };
		C6C98D5D19C7E28100479EF1 /* UIKit.framework in Frameworks */ = {isa = PBXBuildFile; fileRef = C6C98D3C19C7E28100479EF1 /* UIKit.framework */; };
		C6C98D6519C7E28100479EF1 /* InfoPlist.strings in Resources */ = {isa = PBXBuildFile; fileRef = C6C98D6319C7E28100479EF1 /* InfoPlist.strings */; };
		C6C98D6719C7E28100479EF1 /* test123Tests.m in Sources */ = {isa = PBXBuildFile; fileRef = C6C98D6619C7E28100479EF1 /* test123Tests.m */; };
		C6C98D7219C80FE500479EF1 /* FLSideSlipViewController.m in Sources */ = {isa = PBXBuildFile; fileRef = C6C98D7119C80FE500479EF1 /* FLSideSlipViewController.m */; };
		C6C98D7419C989F900479EF1 /* back_on.png in Resources */ = {isa = PBXBuildFile; fileRef = C6C98D7319C989F900479EF1 /* back_on.png */; };
		C6C98D7619CBE5F000479EF1 /* nav_menu_icon@2x.png in Resources */ = {isa = PBXBuildFile; fileRef = C6C98D7519CBE5F000479EF1 /* nav_menu_icon@2x.png */; };
		C6C98D7E19CD1CF100479EF1 /* LeftViewController.m in Sources */ = {isa = PBXBuildFile; fileRef = C6C98D7D19CD1CF100479EF1 /* LeftViewController.m */; };
/* End PBXBuildFile section */

/* Begin PBXContainerItemProxy section */
		C6C98D5E19C7E28100479EF1 /* PBXContainerItemProxy */ = {
			isa = PBXContainerItemProxy;
			containerPortal = C6C98D2D19C7E28100479EF1 /* Project object */;
			proxyType = 1;
			remoteGlobalIDString = C6C98D3419C7E28100479EF1;
			remoteInfo = test123;
		};
/* End PBXContainerItemProxy section */

/* Begin PBXFileReference section */
		C6C98D3519C7E28100479EF1 /* test123.app */ = {isa = PBXFileReference; explicitFileType = wrapper.application; includeInIndex = 0; name = test123.app; path = LeftMenuViewControllerTest.app; sourceTree = BUILT_PRODUCTS_DIR; };
		C6C98D3819C7E28100479EF1 /* Foundation.framework */ = {isa = PBXFileReference; lastKnownFileType = wrapper.framework; name = Foundation.framework; path = System/Library/Frameworks/Foundation.framework; sourceTree = SDKROOT; };
		C6C98D3A19C7E28100479EF1 /* CoreGraphics.framework */ = {isa = PBXFileReference; lastKnownFileType = wrapper.framework; name = CoreGraphics.framework; path = System/Library/Frameworks/CoreGraphics.framework; sourceTree = SDKROOT; };
		C6C98D3C19C7E28100479EF1 /* UIKit.framework */ = {isa = PBXFileReference; lastKnownFileType = wrapper.framework; name = UIKit.framework; path = System/Library/Frameworks/UIKit.framework; sourceTree = SDKROOT; };
		C6C98D4019C7E28100479EF1 /* test123-Info.plist */ = {isa = PBXFileReference; lastKnownFileType = text.plist.xml; path = "test123-Info.plist"; sourceTree = "<group>"; };
		C6C98D4219C7E28100479EF1 /* en */ = {isa = PBXFileReference; lastKnownFileType = text.plist.strings; name = en; path = en.lproj/InfoPlist.strings; sourceTree = "<group>"; };
		C6C98D4419C7E28100479EF1 /* main.m */ = {isa = PBXFileReference; lastKnownFileType = sourcecode.c.objc; path = main.m; sourceTree = "<group>"; };
		C6C98D4619C7E28100479EF1 /* test123-Prefix.pch */ = {isa = PBXFileReference; lastKnownFileType = sourcecode.c.h; path = "test123-Prefix.pch"; sourceTree = "<group>"; };
		C6C98D4719C7E28100479EF1 /* AppDelegate.h */ = {isa = PBXFileReference; lastKnownFileType = sourcecode.c.h; path = AppDelegate.h; sourceTree = "<group>"; };
		C6C98D4819C7E28100479EF1 /* AppDelegate.m */ = {isa = PBXFileReference; lastKnownFileType = sourcecode.c.objc; path = AppDelegate.m; sourceTree = "<group>"; };
		C6C98D4B19C7E28100479EF1 /* Base */ = {isa = PBXFileReference; lastKnownFileType = file.storyboard; name = Base; path = Base.lproj/Main_iPhone.storyboard; sourceTree = "<group>"; };
		C6C98D4E19C7E28100479EF1 /* Base */ = {isa = PBXFileReference; lastKnownFileType = file.storyboard; name = Base; path = Base.lproj/Main_iPad.storyboard; sourceTree = "<group>"; };
		C6C98D5019C7E28100479EF1 /* ViewController.h */ = {isa = PBXFileReference; lastKnownFileType = sourcecode.c.h; path = ViewController.h; sourceTree = "<group>"; };
		C6C98D5119C7E28100479EF1 /* ViewController.m */ = {isa = PBXFileReference; lastKnownFileType = sourcecode.c.objc; path = ViewController.m; sourceTree = "<group>"; };
		C6C98D5319C7E28100479EF1 /* Images.xcassets */ = {isa = PBXFileReference; lastKnownFileType = folder.assetcatalog; path = Images.xcassets; sourceTree = "<group>"; };
		C6C98D5919C7E28100479EF1 /* test123Tests.xctest */ = {isa = PBXFileReference; explicitFileType = wrapper.cfbundle; includeInIndex = 0; name = test123Tests.xctest; path = LeftMenuViewControllerTestTests.xctest; sourceTree = BUILT_PRODUCTS_DIR; };
		C6C98D5A19C7E28100479EF1 /* XCTest.framework */ = {isa = PBXFileReference; lastKnownFileType = wrapper.framework; name = XCTest.framework; path = Library/Frameworks/XCTest.framework; sourceTree = DEVELOPER_DIR; };
		C6C98D6219C7E28100479EF1 /* test123Tests-Info.plist */ = {isa = PBXFileReference; lastKnownFileType = text.plist.xml; path = "test123Tests-Info.plist"; sourceTree = "<group>"; };
		C6C98D6419C7E28100479EF1 /* en */ = {isa = PBXFileReference; lastKnownFileType = text.plist.strings; name = en; path = en.lproj/InfoPlist.strings; sourceTree = "<group>"; };
		C6C98D6619C7E28100479EF1 /* test123Tests.m */ = {isa = PBXFileReference; lastKnownFileType = sourcecode.c.objc; path = test123Tests.m; sourceTree = "<group>"; };
		C6C98D7019C80FE500479EF1 /* FLSideSlipViewController.h */ = {isa = PBXFileReference; fileEncoding = 4; lastKnownFileType = sourcecode.c.h; path = FLSideSlipViewController.h; sourceTree = "<group>"; };
		C6C98D7119C80FE500479EF1 /* FLSideSlipViewController.m */ = {isa = PBXFileReference; fileEncoding = 4; lastKnownFileType = sourcecode.c.objc; path = FLSideSlipViewController.m; sourceTree = "<group>"; };
		C6C98D7319C989F900479EF1 /* back_on.png */ = {isa = PBXFileReference; lastKnownFileType = image.png; path = back_on.png; sourceTree = "<group>"; };
		C6C98D7519CBE5F000479EF1 /* nav_menu_icon@2x.png */ = {isa = PBXFileReference; lastKnownFileType = image.png; path = "nav_menu_icon@2x.png"; sourceTree = "<group>"; };
		C6C98D7C19CD1CF100479EF1 /* LeftViewController.h */ = {isa = PBXFileReference; fileEncoding = 4; lastKnownFileType = sourcecode.c.h; path = LeftViewController.h; sourceTree = "<group>"; };
		C6C98D7D19CD1CF100479EF1 /* LeftViewController.m */ = {isa = PBXFileReference; fileEncoding = 4; lastKnownFileType = sourcecode.c.objc; path = LeftViewController.m; sourceTree = "<group>"; };
/* End PBXFileReference section */

/* Begin PBXFrameworksBuildPhase section */
		C6C98D3219C7E28100479EF1 /* Frameworks */ = {
			isa = PBXFrameworksBuildPhase;
			buildActionMask = 2147483647;
			files = (
				C6C98D3B19C7E28100479EF1 /* CoreGraphics.framework in Frameworks */,
				C6C98D3D19C7E28100479EF1 /* UIKit.framework in Frameworks */,
				C6C98D3919C7E28100479EF1 /* Foundation.framework in Frameworks */,
			);
			runOnlyForDeploymentPostprocessing = 0;
		};
		C6C98D5619C7E28100479EF1 /* Frameworks */ = {
			isa = PBXFrameworksBuildPhase;
			buildActionMask = 2147483647;
			files = (
				C6C98D5B19C7E28100479EF1 /* XCTest.framework in Frameworks */,
				C6C98D5D19C7E28100479EF1 /* UIKit.framework in Frameworks */,
				C6C98D5C19C7E28100479EF1 /* Foundation.framework in Frameworks */,
			);
			runOnlyForDeploymentPostprocessing = 0;
		};
/* End PBXFrameworksBuildPhase section */

/* Begin PBXGroup section */
		C6C98D2C19C7E28100479EF1 = {
			isa = PBXGroup;
			children = (
				C6C98D3E19C7E28100479EF1 /* test123 */,
				C6C98D6019C7E28100479EF1 /* test123Tests */,
				C6C98D3719C7E28100479EF1 /* Frameworks */,
				C6C98D3619C7E28100479EF1 /* Products */,
			);
			sourceTree = "<group>";
		};
		C6C98D3619C7E28100479EF1 /* Products */ = {
			isa = PBXGroup;
			children = (
				C6C98D3519C7E28100479EF1 /* test123.app */,
				C6C98D5919C7E28100479EF1 /* test123Tests.xctest */,
			);
			name = Products;
			sourceTree = "<group>";
		};
		C6C98D3719C7E28100479EF1 /* Frameworks */ = {
			isa = PBXGroup;
			children = (
				C6C98D3819C7E28100479EF1 /* Foundation.framework */,
				C6C98D3A19C7E28100479EF1 /* CoreGraphics.framework */,
				C6C98D3C19C7E28100479EF1 /* UIKit.framework */,
				C6C98D5A19C7E28100479EF1 /* XCTest.framework */,
			);
			name = Frameworks;
			sourceTree = "<group>";
		};
		C6C98D3E19C7E28100479EF1 /* test123 */ = {
			isa = PBXGroup;
			children = (
				C6C98D4719C7E28100479EF1 /* AppDelegate.h */,
				C6C98D4819C7E28100479EF1 /* AppDelegate.m */,
				C6C98D4A19C7E28100479EF1 /* Main_iPhone.storyboard */,
				C6C98D4D19C7E28100479EF1 /* Main_iPad.storyboard */,
				C6C98D5019C7E28100479EF1 /* ViewController.h */,
				C6C98D5119C7E28100479EF1 /* ViewController.m */,
				C6C98D5319C7E28100479EF1 /* Images.xcassets */,
				C6C98D3F19C7E28100479EF1 /* Supporting Files */,
				C6C98D7019C80FE500479EF1 /* FLSideSlipViewController.h */,
				C6C98D7119C80FE500479EF1 /* FLSideSlipViewController.m */,
				C6C98D7C19CD1CF100479EF1 /* LeftViewController.h */,
				C6C98D7D19CD1CF100479EF1 /* LeftViewController.m */,
			);
			path = test123;
			sourceTree = "<group>";
		};
		C6C98D3F19C7E28100479EF1 /* Supporting Files */ = {
			isa = PBXGroup;
			children = (
				C6C98D7519CBE5F000479EF1 /* nav_menu_icon@2x.png */,
				C6C98D7319C989F900479EF1 /* back_on.png */,
				C6C98D4019C7E28100479EF1 /* test123-Info.plist */,
				C6C98D4119C7E28100479EF1 /* InfoPlist.strings */,
				C6C98D4419C7E28100479EF1 /* main.m */,
				C6C98D4619C7E28100479EF1 /* test123-Prefix.pch */,
			);
			name = "Supporting Files";
			sourceTree = "<group>";
		};
		C6C98D6019C7E28100479EF1 /* test123Tests */ = {
			isa = PBXGroup;
			children = (
				C6C98D6619C7E28100479EF1 /* test123Tests.m */,
				C6C98D6119C7E28100479EF1 /* Supporting Files */,
			);
			path = test123Tests;
			sourceTree = "<group>";
		};
		C6C98D6119C7E28100479EF1 /* Supporting Files */ = {
			isa = PBXGroup;
			children = (
				C6C98D6219C7E28100479EF1 /* test123Tests-Info.plist */,
				C6C98D6319C7E28100479EF1 /* InfoPlist.strings */,
			);
			name = "Supporting Files";
			sourceTree = "<group>";
		};
/* End PBXGroup section */

/* Begin PBXNativeTarget section */
		C6C98D3419C7E28100479EF1 /* LeftMenuViewControllerTest */ = {
			isa = PBXNativeTarget;
			buildConfigurationList = C6C98D6A19C7E28100479EF1 /* Build configuration list for PBXNativeTarget "LeftMenuViewControllerTest" */;
			buildPhases = (
				C6C98D3119C7E28100479EF1 /* Sources */,
				C6C98D3219C7E28100479EF1 /* Frameworks */,
				C6C98D3319C7E28100479EF1 /* Resources */,
			);
			buildRules = (
			);
			dependencies = (
			);
			name = LeftMenuViewControllerTest;
			productName = test123;
			productReference = C6C98D3519C7E28100479EF1 /* test123.app */;
			productType = "com.apple.product-type.application";
		};
		C6C98D5819C7E28100479EF1 /* LeftMenuViewControllerTestTests */ = {
			isa = PBXNativeTarget;
			buildConfigurationList = C6C98D6D19C7E28100479EF1 /* Build configuration list for PBXNativeTarget "LeftMenuViewControllerTestTests" */;
			buildPhases = (
				C6C98D5519C7E28100479EF1 /* Sources */,
				C6C98D5619C7E28100479EF1 /* Frameworks */,
				C6C98D5719C7E28100479EF1 /* Resources */,
			);
			buildRules = (
			);
			dependencies = (
				C6C98D5F19C7E28100479EF1 /* PBXTargetDependency */,
			);
			name = LeftMenuViewControllerTestTests;
			productName = test123Tests;
			productReference = C6C98D5919C7E28100479EF1 /* test123Tests.xctest */;
			productType = "com.apple.product-type.bundle.unit-test";
		};
/* End PBXNativeTarget section */

/* Begin PBXProject section */
		C6C98D2D19C7E28100479EF1 /* Project object */ = {
			isa = PBXProject;
			attributes = {
				LastUpgradeCheck = 0500;
				ORGANIZATIONNAME = kf1;
				TargetAttributes = {
					C6C98D5819C7E28100479EF1 = {
						TestTargetID = C6C98D3419C7E28100479EF1;
					};
				};
			};
			buildConfigurationList = C6C98D3019C7E28100479EF1 /* Build configuration list for PBXProject "LeftMenuViewControllerTest" */;
			compatibilityVersion = "Xcode 3.2";
			developmentRegion = English;
			hasScannedForEncodings = 0;
			knownRegions = (
				en,
				Base,
			);
			mainGroup = C6C98D2C19C7E28100479EF1;
			productRefGroup = C6C98D3619C7E28100479EF1 /* Products */;
			projectDirPath = "";
			projectRoot = "";
			targets = (
				C6C98D3419C7E28100479EF1 /* LeftMenuViewControllerTest */,
				C6C98D5819C7E28100479EF1 /* LeftMenuViewControllerTestTests */,
			);
		};
/* End PBXProject section */

/* Begin PBXResourcesBuildPhase section */
		C6C98D3319C7E28100479EF1 /* Resources */ = {
			isa = PBXResourcesBuildPhase;
			buildActionMask = 2147483647;
			files = (
				C6C98D7619CBE5F000479EF1 /* nav_menu_icon@2x.png in Resources */,
				C6C98D7419C989F900479EF1 /* back_on.png in Resources */,
				C6C98D4F19C7E28100479EF1 /* Main_iPad.storyboard in Resources */,
				C6C98D5419C7E28100479EF1 /* Images.xcassets in Resources */,
				C6C98D4C19C7E28100479EF1 /* Main_iPhone.storyboard in Resources */,
				C6C98D4319C7E28100479EF1 /* InfoPlist.strings in Resources */,
			);
			runOnlyForDeploymentPostprocessing = 0;
		};
		C6C98D5719C7E28100479EF1 /* Resources */ = {
			isa = PBXResourcesBuildPhase;
			buildActionMask = 2147483647;
			files = (
				C6C98D6519C7E28100479EF1 /* InfoPlist.strings in Resources */,
			);
			runOnlyForDeploymentPostprocessing = 0;
		};
/* End PBXResourcesBuildPhase section */

/* Begin PBXSourcesBuildPhase section */
		C6C98D3119C7E28100479EF1 /* Sources */ = {
			isa = PBXSourcesBuildPhase;
			buildActionMask = 2147483647;
			files = (
				C6C98D5219C7E28100479EF1 /* ViewController.m in Sources */,
				C6C98D7E19CD1CF100479EF1 /* LeftViewController.m in Sources */,
				C6C98D4919C7E28100479EF1 /* AppDelegate.m in Sources */,
				C6C98D7219C80FE500479EF1 /* FLSideSlipViewController.m in Sources */,
				C6C98D4519C7E28100479EF1 /* main.m in Sources */,
			);
			runOnlyForDeploymentPostprocessing = 0;
		};
		C6C98D5519C7E28100479EF1 /* Sources */ = {
			isa = PBXSourcesBuildPhase;
			buildActionMask = 2147483647;
			files = (
				C6C98D6719C7E28100479EF1 /* test123Tests.m in Sources */,
			);
			runOnlyForDeploymentPostprocessing = 0;
		};
/* End PBXSourcesBuildPhase section */

/* Begin PBXTargetDependency section */
		C6C98D5F19C7E28100479EF1 /* PBXTargetDependency */ = {
			isa = PBXTargetDependency;
			target = C6C98D3419C7E28100479EF1 /* LeftMenuViewControllerTest */;
			targetProxy = C6C98D5E19C7E28100479EF1 /* PBXContainerItemProxy */;
		};
/* End PBXTargetDependency section */

/* Begin PBXVariantGroup section */
		C6C98D4119C7E28100479EF1 /* InfoPlist.strings */ = {
			isa = PBXVariantGroup;
			children = (
				C6C98D4219C7E28100479EF1 /* en */,
			);
			name = InfoPlist.strings;
			sourceTree = "<group>";
		};
		C6C98D4A19C7E28100479EF1 /* Main_iPhone.storyboard */ = {
			isa = PBXVariantGroup;
			children = (
				C6C98D4B19C7E28100479EF1 /* Base */,
			);
			name = Main_iPhone.storyboard;
			sourceTree = "<group>";
		};
		C6C98D4D19C7E28100479EF1 /* Main_iPad.storyboard */ = {
			isa = PBXVariantGroup;
			children = (
				C6C98D4E19C7E28100479EF1 /* Base */,
			);
			name = Main_iPad.storyboard;
			sourceTree = "<group>";
		};
		C6C98D6319C7E28100479EF1 /* InfoPlist.strings */ = {
			isa = PBXVariantGroup;
			children = (
				C6C98D6419C7E28100479EF1 /* en */,
			);
			name = InfoPlist.strings;
			sourceTree = "<group>";
		};
/* End PBXVariantGroup section */

/* Begin XCBuildConfiguration section */
		C6C98D6819C7E28100479EF1 /* Debug */ = {
			isa = XCBuildConfiguration;
			buildSettings = {
				ALWAYS_SEARCH_USER_PATHS = NO;
				ARCHS = "$(ARCHS_STANDARD_INCLUDING_64_BIT)";
				CLANG_CXX_LANGUAGE_STANDARD = "gnu++0x";
				CLANG_CXX_LIBRARY = "libc++";
				CLANG_ENABLE_MODULES = YES;
				CLANG_ENABLE_OBJC_ARC = YES;
				CLANG_WARN_BOOL_CONVERSION = YES;
				CLANG_WARN_CONSTANT_CONVERSION = YES;
				CLANG_WARN_DIRECT_OBJC_ISA_USAGE = YES_ERROR;
				CLANG_WARN_EMPTY_BODY = YES;
				CLANG_WARN_ENUM_CONVERSION = YES;
				CLANG_WARN_INT_CONVERSION = YES;
				CLANG_WARN_OBJC_ROOT_CLASS = YES_ERROR;
				CLANG_WARN__DUPLICATE_METHOD_MATCH = YES;
				"CODE_SIGN_IDENTITY[sdk=iphoneos*]" = "iPhone Developer";
				COPY_PHASE_STRIP = NO;
				GCC_C_LANGUAGE_STANDARD = gnu99;
				GCC_DYNAMIC_NO_PIC = NO;
				GCC_OPTIMIZATION_LEVEL = 0;
				GCC_PREPROCESSOR_DEFINITIONS = (
					"DEBUG=1",
					"$(inherited)",
				);
				GCC_SYMBOLS_PRIVATE_EXTERN = NO;
				GCC_WARN_64_TO_32_BIT_CONVERSION = YES;
				GCC_WARN_ABOUT_RETURN_TYPE = YES_ERROR;
				GCC_WARN_UNDECLARED_SELECTOR = YES;
				GCC_WARN_UNINITIALIZED_AUTOS = YES;
				GCC_WARN_UNUSED_FUNCTION = YES;
				GCC_WARN_UNUSED_VARIABLE = YES;
				IPHONEOS_DEPLOYMENT_TARGET = 7.0;
				ONLY_ACTIVE_ARCH = YES;
				SDKROOT = iphoneos;
				TARGETED_DEVICE_FAMILY = "1,2";
			};
			name = Debug;
		};
		C6C98D6919C7E28100479EF1 /* Release */ = {
			isa = XCBuildConfiguration;
			buildSettings = {
				ALWAYS_SEARCH_USER_PATHS = NO;
				ARCHS = "$(ARCHS_STANDARD_INCLUDING_64_BIT)";
				CLANG_CXX_LANGUAGE_STANDARD = "gnu++0x";
				CLANG_CXX_LIBRARY = "libc++";
				CLANG_ENABLE_MODULES = YES;
				CLANG_ENABLE_OBJC_ARC = YES;
				CLANG_WARN_BOOL_CONVERSION = YES;
				CLANG_WARN_CONSTANT_CONVERSION = YES;
				CLANG_WARN_DIRECT_OBJC_ISA_USAGE = YES_ERROR;
				CLANG_WARN_EMPTY_BODY = YES;
				CLANG_WARN_ENUM_CONVERSION = YES;
				CLANG_WARN_INT_CONVERSION = YES;
				CLANG_WARN_OBJC_ROOT_CLASS = YES_ERROR;
				CLANG_WARN__DUPLICATE_METHOD_MATCH = YES;
				"CODE_SIGN_IDENTITY[sdk=iphoneos*]" = "iPhone Developer";
				COPY_PHASE_STRIP = YES;
				ENABLE_NS_ASSERTIONS = NO;
				GCC_C_LANGUAGE_STANDARD = gnu99;
				GCC_WARN_64_TO_32_BIT_CONVERSION = YES;
				GCC_WARN_ABOUT_RETURN_TYPE = YES_ERROR;
				GCC_WARN_UNDECLARED_SELECTOR = YES;
				GCC_WARN_UNINITIALIZED_AUTOS = YES;
				GCC_WARN_UNUSED_FUNCTION = YES;
				GCC_WARN_UNUSED_VARIABLE = YES;
				IPHONEOS_DEPLOYMENT_TARGET = 7.0;
				SDKROOT = iphoneos;
				TARGETED_DEVICE_FAMILY = "1,2";
				VALIDATE_PRODUCT = YES;
			};
			name = Release;
		};
		C6C98D6B19C7E28100479EF1 /* Debug */ = {
			isa = XCBuildConfiguration;
			buildSettings = {
				ASSETCATALOG_COMPILER_APPICON_NAME = AppIcon;
				ASSETCATALOG_COMPILER_LAUNCHIMAGE_NAME = LaunchImage;
				GCC_PRECOMPILE_PREFIX_HEADER = YES;
				GCC_PREFIX_HEADER = "test123/test123-Prefix.pch";
				INFOPLIST_FILE = "test123/test123-Info.plist";
				PRODUCT_NAME = "$(TARGET_NAME)";
				WRAPPER_EXTENSION = app;
			};
			name = Debug;
		};
		C6C98D6C19C7E28100479EF1 /* Release */ = {
			isa = XCBuildConfiguration;
			buildSettings = {
				ASSETCATALOG_COMPILER_APPICON_NAME = AppIcon;
				ASSETCATALOG_COMPILER_LAUNCHIMAGE_NAME = LaunchImage;
				GCC_PRECOMPILE_PREFIX_HEADER = YES;
				GCC_PREFIX_HEADER = "test123/test123-Prefix.pch";
				INFOPLIST_FILE = "test123/test123-Info.plist";
				PRODUCT_NAME = "$(TARGET_NAME)";
				WRAPPER_EXTENSION = app;
			};
			name = Release;
		};
		C6C98D6E19C7E28100479EF1 /* Debug */ = {
			isa = XCBuildConfiguration;
			buildSettings = {
				ARCHS = "$(ARCHS_STANDARD_INCLUDING_64_BIT)";
				BUNDLE_LOADER = "$(BUILT_PRODUCTS_DIR)/test123.app/test123";
				FRAMEWORK_SEARCH_PATHS = (
					"$(SDKROOT)/Developer/Library/Frameworks",
					"$(inherited)",
					"$(DEVELOPER_FRAMEWORKS_DIR)",
				);
				GCC_PRECOMPILE_PREFIX_HEADER = YES;
				GCC_PREFIX_HEADER = "test123/test123-Prefix.pch";
				GCC_PREPROCESSOR_DEFINITIONS = (
					"DEBUG=1",
					"$(inherited)",
				);
				INFOPLIST_FILE = "test123Tests/test123Tests-Info.plist";
				PRODUCT_NAME = "$(TARGET_NAME)";
				TEST_HOST = "$(BUNDLE_LOADER)";
				WRAPPER_EXTENSION = xctest;
			};
			name = Debug;
		};
		C6C98D6F19C7E28100479EF1 /* Release */ = {
			isa = XCBuildConfiguration;
			buildSettings = {
				ARCHS = "$(ARCHS_STANDARD_INCLUDING_64_BIT)";
				BUNDLE_LOADER = "$(BUILT_PRODUCTS_DIR)/test123.app/test123";
				FRAMEWORK_SEARCH_PATHS = (
					"$(SDKROOT)/Developer/Library/Frameworks",
					"$(inherited)",
					"$(DEVELOPER_FRAMEWORKS_DIR)",
				);
				GCC_PRECOMPILE_PREFIX_HEADER = YES;
				GCC_PREFIX_HEADER = "test123/test123-Prefix.pch";
				INFOPLIST_FILE = "test123Tests/test123Tests-Info.plist";
				PRODUCT_NAME = "$(TARGET_NAME)";
				TEST_HOST = "$(BUNDLE_LOADER)";
				WRAPPER_EXTENSION = xctest;
			};
			name = Release;
		};
/* End XCBuildConfiguration section */

/* Begin XCConfigurationList section */
		C6C98D3019C7E28100479EF1 /* Build configuration list for PBXProject "LeftMenuViewControllerTest" */ = {
			isa = XCConfigurationList;
			buildConfigurations = (
				C6C98D6819C7E28100479EF1 /* Debug */,
				C6C98D6919C7E28100479EF1 /* Release */,
			);
			defaultConfigurationIsVisible = 0;
			defaultConfigurationName = Release;
		};
		C6C98D6A19C7E28100479EF1 /* Build configuration list for PBXNativeTarget "LeftMenuViewControllerTest" */ = {
			isa = XCConfigurationList;
			buildConfigurations = (
				C6C98D6B19C7E28100479EF1 /* Debug */,
				C6C98D6C19C7E28100479EF1 /* Release */,
			);
			defaultConfigurationIsVisible = 0;
			defaultConfigurationName = Release;
		};
		C6C98D6D19C7E28100479EF1 /* Build configuration list for PBXNativeTarget "LeftMenuViewControllerTestTests" */ = {
			isa = XCConfigurationList;
			buildConfigurations = (
				C6C98D6E19C7E28100479EF1 /* Debug */,
				C6C98D6F19C7E28100479EF1 /* Release */,
			);
			defaultConfigurationIsVisible = 0;
			defaultConfigurationName = Release;
		};
/* End XCConfigurationList section */
	};
	rootObject = C6C98D2D19C7E28100479EF1 /* Project object */;
}
